
Microsoft Visual Studio Solution File, Format Version 12.00
# Visual Studio 15
VisualStudioVersion = 15.0.28307.329
MinimumVisualStudioVersion = 10.0.40219.1
Project("{FAE04EC0-301F-11D3-BF4B-00C04F79EFBC}") = "Top_Calculator", "Top_Calculator\Top_Calculator.csproj", "{1452AEE5-E37A-48E9-B369-FC20EEE2E790}"
EndProject
Global
	GlobalSection(SolutionConfigurationPlatforms) = preSolution
		Debug|Any CPU = Debug|Any CPU
		Release|Any CPU = Release|Any CPU
	EndGlobalSection
	GlobalSection(ProjectConfigurationPlatforms) = postSolution
		{1452AEE5-E37A-48E9-B369-FC20EEE2E790}.Debug|Any CPU.ActiveCfg = Debug|Any CPU
		{1452AEE5-E37A-48E9-B369-FC20EEE2E790}.Debug|Any CPU.Build.0 = Debug|Any CPU
		{1452AEE5-E37A-48E9-B369-FC20EEE2E790}.Release|Any CPU.ActiveCfg = Release|Any CPU
		{1452AEE5-E37A-48E9-B369-FC20EEE2E790}.Release|Any CPU.Build.0 = Release|Any CPU
	EndGlobalSection
	GlobalSection(SolutionProperties) = preSolution
		HideSolutionNode = FALSE
	EndGlobalSection
	GlobalSection(ExtensibilityGlobals) = postSolution
		SolutionGuid = {59E25BCA-6B26-421F-8D5E-A9C5FA8FEF91}
	EndGlobalSection
EndGlobal
